
Microsoft Visual Studio Solution File, Format Version 12.00
# Visual Studio 15
VisualStudioVersion = 15.0.28307.489
MinimumVisualStudioVersion = 10.0.40219.1
Project("{8BC9CEB8-8B4A-11D0-8D11-00A0C91BC942}") = "十进制下的数位遍历及进制转换", "十进制下的数位遍历及进制转换\十进制下的数位遍历及进制转换.vcxproj", "{BB3D7DC2-0A86-4476-9C64-1F884044B933}"
EndProject
Global
	GlobalSection(SolutionConfigurationPlatforms) = preSolution
		Debug|x64 = Debug|x64
		Debug|x86 = Debug|x86
		Release|x64 = Release|x64
		Release|x86 = Release|x86
	EndGlobalSection
	GlobalSection(ProjectConfigurationPlatforms) = postSolution
		{BB3D7DC2-0A86-4476-9C64-1F884044B933}.Debug|x64.ActiveCfg = Debug|x64
		{BB3D7DC2-0A86-4476-9C64-1F884044B933}.Debug|x64.Build.0 = Debug|x64
		{BB3D7DC2-0A86-4476-9C64-1F884044B933}.Debug|x86.ActiveCfg = Debug|Win32
		{BB3D7DC2-0A86-4476-9C64-1F884044B933}.Debug|x86.Build.0 = Debug|Win32
		{BB3D7DC2-0A86-4476-9C64-1F884044B933}.Release|x64.ActiveCfg = Release|x64
		{BB3D7DC2-0A86-4476-9C64-1F884044B933}.Release|x64.Build.0 = Release|x64
		{BB3D7DC2-0A86-4476-9C64-1F884044B933}.Release|x86.ActiveCfg = Release|Win32
		{BB3D7DC2-0A86-4476-9C64-1F884044B933}.Release|x86.Build.0 = Release|Win32
	EndGlobalSection
	GlobalSection(SolutionProperties) = preSolution
		HideSolutionNode = FALSE
	EndGlobalSection
	GlobalSection(ExtensibilityGlobals) = postSolution
		SolutionGuid = {F3DD0ED8-84EF-46CF-B0BB-16A50F701D82}
	EndGlobalSection
EndGlobal
